
Microsoft Visual Studio Solution File, Format Version 12.00
Project("{FAE04EC0-301F-11D3-BF4B-00C04F79EFBC}") = "CeciesSharp", "src\CeciesSharp.csproj", "{5C5A0C4D-6AFD-4BD4-80A7-674141AE052A}"
EndProject
Global
	GlobalSection(SolutionConfigurationPlatforms) = preSolution
		Debug|Any CPU = Debug|Any CPU
		Release|Any CPU = Release|Any CPU
	EndGlobalSection
	GlobalSection(ProjectConfigurationPlatforms) = postSolution
		{5C5A0C4D-6AFD-4BD4-80A7-674141AE052A}.Debug|Any CPU.ActiveCfg = Debug|Any CPU
		{5C5A0C4D-6AFD-4BD4-80A7-674141AE052A}.Debug|Any CPU.Build.0 = Debug|Any CPU
		{5C5A0C4D-6AFD-4BD4-80A7-674141AE052A}.Release|Any CPU.ActiveCfg = Release|Any CPU
		{5C5A0C4D-6AFD-4BD4-80A7-674141AE052A}.Release|Any CPU.Build.0 = Release|Any CPU
	EndGlobalSection
EndGlobal
