Microsoft Visual Studio Solution File, Format Version 12.00
# Visual Studio 16
Project("{8BC9CEB8-8B4A-11D0-8D11-00A0C91BC942}") = "ALL_BUILD", "ALL_BUILD.vcxproj", "{62A09D7D-7550-3522-AF5D-61D8D1057BA0}"
	ProjectSection(ProjectDependencies) = postProject
		{585DCC83-E257-3268-8D8F-48A0CC031ECE} = {585DCC83-E257-3268-8D8F-48A0CC031ECE}
		{C93DE272-418E-3662-AC62-01B8E6AABE0A} = {C93DE272-418E-3662-AC62-01B8E6AABE0A}
		{7BD317CD-AB85-386D-954A-625B85B600C6} = {7BD317CD-AB85-386D-954A-625B85B600C6}
		{8984CE81-9574-372D-8126-AE29FFD64DBF} = {8984CE81-9574-372D-8126-AE29FFD64DBF}
		{F03FA905-25E1-385A-A8E3-800DDD81B3A8} = {F03FA905-25E1-385A-A8E3-800DDD81B3A8}
		{306508E9-EFD3-360B-BAC3-9B1FBA01655A} = {306508E9-EFD3-360B-BAC3-9B1FBA01655A}
		{BAF16E50-AF36-39DC-A580-541CD62F2AAF} = {BAF16E50-AF36-39DC-A580-541CD62F2AAF}
		{FEE2ED5D-E0C1-3BFB-9EDA-9176667C2841} = {FEE2ED5D-E0C1-3BFB-9EDA-9176667C2841}
		{F6B82A16-693E-31F2-B67A-CABD0B4596D4} = {F6B82A16-693E-31F2-B67A-CABD0B4596D4}
		{404F2CE0-E463-3A52-8030-0176EEB8B66A} = {404F2CE0-E463-3A52-8030-0176EEB8B66A}
		{15577B32-7D2D-3FBA-A2D4-1276DCE74E5E} = {15577B32-7D2D-3FBA-A2D4-1276DCE74E5E}
	EndProjectSection
EndProject
Project("{8BC9CEB8-8B4A-11D0-8D11-00A0C91BC942}") = "Continuous", "cmocka\Continuous.vcxproj", "{D35867F0-8748-323C-A172-BF22D102FAE5}"
	ProjectSection(ProjectDependencies) = postProject
		{585DCC83-E257-3268-8D8F-48A0CC031ECE} = {585DCC83-E257-3268-8D8F-48A0CC031ECE}
	EndProjectSection
EndProject
Project("{8BC9CEB8-8B4A-11D0-8D11-00A0C91BC942}") = "Experimental", "cmocka\Experimental.vcxproj", "{9BB58DBA-C800-350F-BD00-F6ABFD90518D}"
	ProjectSection(ProjectDependencies) = postProject
		{585DCC83-E257-3268-8D8F-48A0CC031ECE} = {585DCC83-E257-3268-8D8F-48A0CC031ECE}
	EndProjectSection
EndProject
Project("{8BC9CEB8-8B4A-11D0-8D11-00A0C91BC942}") = "INSTALL", "INSTALL.vcxproj", "{3AD857FD-7078-3131-A8B4-08CACEE7B03F}"
	ProjectSection(ProjectDependencies) = postProject
		{62A09D7D-7550-3522-AF5D-61D8D1057BA0} = {62A09D7D-7550-3522-AF5D-61D8D1057BA0}
		{585DCC83-E257-3268-8D8F-48A0CC031ECE} = {585DCC83-E257-3268-8D8F-48A0CC031ECE}
	EndProjectSection
EndProject
Project("{8BC9CEB8-8B4A-11D0-8D11-00A0C91BC942}") = "Nightly", "cmocka\Nightly.vcxproj", "{8FDF0052-E10A-3E08-8AF6-ECD5725E51EC}"
	ProjectSection(ProjectDependencies) = postProject
		{585DCC83-E257-3268-8D8F-48A0CC031ECE} = {585DCC83-E257-3268-8D8F-48A0CC031ECE}
	EndProjectSection
EndProject
Project("{8BC9CEB8-8B4A-11D0-8D11-00A0C91BC942}") = "NightlyMemoryCheck", "cmocka\NightlyMemoryCheck.vcxproj", "{07ABEE17-C06E-3909-9F69-2AE58FC5F26F}"
	ProjectSection(ProjectDependencies) = postProject
		{585DCC83-E257-3268-8D8F-48A0CC031ECE} = {585DCC83-E257-3268-8D8F-48A0CC031ECE}
	EndProjectSection
EndProject
Project("{8BC9CEB8-8B4A-11D0-8D11-00A0C91BC942}") = "PACKAGE", "PACKAGE.vcxproj", "{A12DF85E-6B9E-3CFB-A737-6CD8D4E22A5D}"
	ProjectSection(ProjectDependencies) = postProject
		{62A09D7D-7550-3522-AF5D-61D8D1057BA0} = {62A09D7D-7550-3522-AF5D-61D8D1057BA0}
		{585DCC83-E257-3268-8D8F-48A0CC031ECE} = {585DCC83-E257-3268-8D8F-48A0CC031ECE}
	EndProjectSection
EndProject
Project("{8BC9CEB8-8B4A-11D0-8D11-00A0C91BC942}") = "ZERO_CHECK", "ZERO_CHECK.vcxproj", "{585DCC83-E257-3268-8D8F-48A0CC031ECE}"
	ProjectSection(ProjectDependencies) = postProject
	EndProjectSection
EndProject
Project("{8BC9CEB8-8B4A-11D0-8D11-00A0C91BC942}") = "allocate_module_test", "cmocka\example\allocate_module_test.vcxproj", "{C93DE272-418E-3662-AC62-01B8E6AABE0A}"
	ProjectSection(ProjectDependencies) = postProject
		{585DCC83-E257-3268-8D8F-48A0CC031ECE} = {585DCC83-E257-3268-8D8F-48A0CC031ECE}
		{306508E9-EFD3-360B-BAC3-9B1FBA01655A} = {306508E9-EFD3-360B-BAC3-9B1FBA01655A}
	EndProjectSection
EndProject
Project("{8BC9CEB8-8B4A-11D0-8D11-00A0C91BC942}") = "apidoc", "mbedtls\apidoc.vcxproj", "{82B9BB14-3572-3486-91C9-667E5EACA64A}"
	ProjectSection(ProjectDependencies) = postProject
		{585DCC83-E257-3268-8D8F-48A0CC031ECE} = {585DCC83-E257-3268-8D8F-48A0CC031ECE}
	EndProjectSection
EndProject
Project("{8BC9CEB8-8B4A-11D0-8D11-00A0C91BC942}") = "assert_macro_test", "cmocka\example\assert_macro_test.vcxproj", "{7BD317CD-AB85-386D-954A-625B85B600C6}"
	ProjectSection(ProjectDependencies) = postProject
		{585DCC83-E257-3268-8D8F-48A0CC031ECE} = {585DCC83-E257-3268-8D8F-48A0CC031ECE}
		{306508E9-EFD3-360B-BAC3-9B1FBA01655A} = {306508E9-EFD3-360B-BAC3-9B1FBA01655A}
	EndProjectSection
EndProject
Project("{8BC9CEB8-8B4A-11D0-8D11-00A0C91BC942}") = "assert_module_test", "cmocka\example\assert_module_test.vcxproj", "{8984CE81-9574-372D-8126-AE29FFD64DBF}"
	ProjectSection(ProjectDependencies) = postProject
		{585DCC83-E257-3268-8D8F-48A0CC031ECE} = {585DCC83-E257-3268-8D8F-48A0CC031ECE}
		{306508E9-EFD3-360B-BAC3-9B1FBA01655A} = {306508E9-EFD3-360B-BAC3-9B1FBA01655A}
	EndProjectSection
EndProject
Project("{8BC9CEB8-8B4A-11D0-8D11-00A0C91BC942}") = "cecies", "cecies.vcxproj", "{F03FA905-25E1-385A-A8E3-800DDD81B3A8}"
	ProjectSection(ProjectDependencies) = postProject
		{585DCC83-E257-3268-8D8F-48A0CC031ECE} = {585DCC83-E257-3268-8D8F-48A0CC031ECE}
		{BAF16E50-AF36-39DC-A580-541CD62F2AAF} = {BAF16E50-AF36-39DC-A580-541CD62F2AAF}
		{FEE2ED5D-E0C1-3BFB-9EDA-9176667C2841} = {FEE2ED5D-E0C1-3BFB-9EDA-9176667C2841}
		{F6B82A16-693E-31F2-B67A-CABD0B4596D4} = {F6B82A16-693E-31F2-B67A-CABD0B4596D4}
	EndProjectSection
EndProject
Project("{8BC9CEB8-8B4A-11D0-8D11-00A0C91BC942}") = "cmocka", "cmocka\src\cmocka.vcxproj", "{306508E9-EFD3-360B-BAC3-9B1FBA01655A}"
	ProjectSection(ProjectDependencies) = postProject
		{585DCC83-E257-3268-8D8F-48A0CC031ECE} = {585DCC83-E257-3268-8D8F-48A0CC031ECE}
	EndProjectSection
EndProject
Project("{8BC9CEB8-8B4A-11D0-8D11-00A0C91BC942}") = "dist", "cmocka\dist.vcxproj", "{CE689A34-907D-3186-AD21-9F93103EC04F}"
	ProjectSection(ProjectDependencies) = postProject
		{585DCC83-E257-3268-8D8F-48A0CC031ECE} = {585DCC83-E257-3268-8D8F-48A0CC031ECE}
	EndProjectSection
EndProject
Project("{8BC9CEB8-8B4A-11D0-8D11-00A0C91BC942}") = "docs", "cmocka\doc\docs.vcxproj", "{7C55ABEA-8B43-3DC9-B703-34C628BAF05B}"
	ProjectSection(ProjectDependencies) = postProject
		{585DCC83-E257-3268-8D8F-48A0CC031ECE} = {585DCC83-E257-3268-8D8F-48A0CC031ECE}
	EndProjectSection
EndProject
Project("{8BC9CEB8-8B4A-11D0-8D11-00A0C91BC942}") = "lib", "mbedtls\library\lib.vcxproj", "{2BD5D6B6-BDB3-37BE-9230-1956D0A853F6}"
	ProjectSection(ProjectDependencies) = postProject
		{585DCC83-E257-3268-8D8F-48A0CC031ECE} = {585DCC83-E257-3268-8D8F-48A0CC031ECE}
		{BAF16E50-AF36-39DC-A580-541CD62F2AAF} = {BAF16E50-AF36-39DC-A580-541CD62F2AAF}
		{FEE2ED5D-E0C1-3BFB-9EDA-9176667C2841} = {FEE2ED5D-E0C1-3BFB-9EDA-9176667C2841}
		{F6B82A16-693E-31F2-B67A-CABD0B4596D4} = {F6B82A16-693E-31F2-B67A-CABD0B4596D4}
	EndProjectSection
EndProject
Project("{8BC9CEB8-8B4A-11D0-8D11-00A0C91BC942}") = "mbedcrypto", "mbedtls\library\mbedcrypto.vcxproj", "{BAF16E50-AF36-39DC-A580-541CD62F2AAF}"
	ProjectSection(ProjectDependencies) = postProject
		{585DCC83-E257-3268-8D8F-48A0CC031ECE} = {585DCC83-E257-3268-8D8F-48A0CC031ECE}
	EndProjectSection
EndProject
Project("{8BC9CEB8-8B4A-11D0-8D11-00A0C91BC942}") = "mbedtls", "mbedtls\library\mbedtls.vcxproj", "{FEE2ED5D-E0C1-3BFB-9EDA-9176667C2841}"
	ProjectSection(ProjectDependencies) = postProject
		{585DCC83-E257-3268-8D8F-48A0CC031ECE} = {585DCC83-E257-3268-8D8F-48A0CC031ECE}
		{BAF16E50-AF36-39DC-A580-541CD62F2AAF} = {BAF16E50-AF36-39DC-A580-541CD62F2AAF}
		{F6B82A16-693E-31F2-B67A-CABD0B4596D4} = {F6B82A16-693E-31F2-B67A-CABD0B4596D4}
	EndProjectSection
EndProject
Project("{8BC9CEB8-8B4A-11D0-8D11-00A0C91BC942}") = "mbedx509", "mbedtls\library\mbedx509.vcxproj", "{F6B82A16-693E-31F2-B67A-CABD0B4596D4}"
	ProjectSection(ProjectDependencies) = postProject
		{585DCC83-E257-3268-8D8F-48A0CC031ECE} = {585DCC83-E257-3268-8D8F-48A0CC031ECE}
		{BAF16E50-AF36-39DC-A580-541CD62F2AAF} = {BAF16E50-AF36-39DC-A580-541CD62F2AAF}
	EndProjectSection
EndProject
Project("{8BC9CEB8-8B4A-11D0-8D11-00A0C91BC942}") = "run_tests", "run_tests.vcxproj", "{404F2CE0-E463-3A52-8030-0176EEB8B66A}"
	ProjectSection(ProjectDependencies) = postProject
		{585DCC83-E257-3268-8D8F-48A0CC031ECE} = {585DCC83-E257-3268-8D8F-48A0CC031ECE}
		{306508E9-EFD3-360B-BAC3-9B1FBA01655A} = {306508E9-EFD3-360B-BAC3-9B1FBA01655A}
		{BAF16E50-AF36-39DC-A580-541CD62F2AAF} = {BAF16E50-AF36-39DC-A580-541CD62F2AAF}
		{FEE2ED5D-E0C1-3BFB-9EDA-9176667C2841} = {FEE2ED5D-E0C1-3BFB-9EDA-9176667C2841}
		{F6B82A16-693E-31F2-B67A-CABD0B4596D4} = {F6B82A16-693E-31F2-B67A-CABD0B4596D4}
	EndProjectSection
EndProject
Project("{8BC9CEB8-8B4A-11D0-8D11-00A0C91BC942}") = "simple_test", "cmocka\example\simple_test.vcxproj", "{15577B32-7D2D-3FBA-A2D4-1276DCE74E5E}"
	ProjectSection(ProjectDependencies) = postProject
		{585DCC83-E257-3268-8D8F-48A0CC031ECE} = {585DCC83-E257-3268-8D8F-48A0CC031ECE}
		{306508E9-EFD3-360B-BAC3-9B1FBA01655A} = {306508E9-EFD3-360B-BAC3-9B1FBA01655A}
	EndProjectSection
EndProject
Global
	GlobalSection(SolutionConfigurationPlatforms) = preSolution
		Debug|x64 = Debug|x64
		Release|x64 = Release|x64
		MinSizeRel|x64 = MinSizeRel|x64
		RelWithDebInfo|x64 = RelWithDebInfo|x64
	EndGlobalSection
	GlobalSection(ProjectConfigurationPlatforms) = postSolution
		{62A09D7D-7550-3522-AF5D-61D8D1057BA0}.Debug|x64.ActiveCfg = Debug|x64
		{62A09D7D-7550-3522-AF5D-61D8D1057BA0}.Debug|x64.Build.0 = Debug|x64
		{62A09D7D-7550-3522-AF5D-61D8D1057BA0}.Release|x64.ActiveCfg = Release|x64
		{62A09D7D-7550-3522-AF5D-61D8D1057BA0}.Release|x64.Build.0 = Release|x64
		{62A09D7D-7550-3522-AF5D-61D8D1057BA0}.MinSizeRel|x64.ActiveCfg = MinSizeRel|x64
		{62A09D7D-7550-3522-AF5D-61D8D1057BA0}.MinSizeRel|x64.Build.0 = MinSizeRel|x64
		{62A09D7D-7550-3522-AF5D-61D8D1057BA0}.RelWithDebInfo|x64.ActiveCfg = RelWithDebInfo|x64
		{62A09D7D-7550-3522-AF5D-61D8D1057BA0}.RelWithDebInfo|x64.Build.0 = RelWithDebInfo|x64
		{D35867F0-8748-323C-A172-BF22D102FAE5}.Debug|x64.ActiveCfg = Debug|x64
		{D35867F0-8748-323C-A172-BF22D102FAE5}.Release|x64.ActiveCfg = Release|x64
		{D35867F0-8748-323C-A172-BF22D102FAE5}.MinSizeRel|x64.ActiveCfg = MinSizeRel|x64
		{D35867F0-8748-323C-A172-BF22D102FAE5}.RelWithDebInfo|x64.ActiveCfg = RelWithDebInfo|x64
		{9BB58DBA-C800-350F-BD00-F6ABFD90518D}.Debug|x64.ActiveCfg = Debug|x64
		{9BB58DBA-C800-350F-BD00-F6ABFD90518D}.Release|x64.ActiveCfg = Release|x64
		{9BB58DBA-C800-350F-BD00-F6ABFD90518D}.MinSizeRel|x64.ActiveCfg = MinSizeRel|x64
		{9BB58DBA-C800-350F-BD00-F6ABFD90518D}.RelWithDebInfo|x64.ActiveCfg = RelWithDebInfo|x64
		{3AD857FD-7078-3131-A8B4-08CACEE7B03F}.Debug|x64.ActiveCfg = Debug|x64
		{3AD857FD-7078-3131-A8B4-08CACEE7B03F}.Release|x64.ActiveCfg = Release|x64
		{3AD857FD-7078-3131-A8B4-08CACEE7B03F}.MinSizeRel|x64.ActiveCfg = MinSizeRel|x64
		{3AD857FD-7078-3131-A8B4-08CACEE7B03F}.RelWithDebInfo|x64.ActiveCfg = RelWithDebInfo|x64
		{8FDF0052-E10A-3E08-8AF6-ECD5725E51EC}.Debug|x64.ActiveCfg = Debug|x64
		{8FDF0052-E10A-3E08-8AF6-ECD5725E51EC}.Release|x64.ActiveCfg = Release|x64
		{8FDF0052-E10A-3E08-8AF6-ECD5725E51EC}.MinSizeRel|x64.ActiveCfg = MinSizeRel|x64
		{8FDF0052-E10A-3E08-8AF6-ECD5725E51EC}.RelWithDebInfo|x64.ActiveCfg = RelWithDebInfo|x64
		{07ABEE17-C06E-3909-9F69-2AE58FC5F26F}.Debug|x64.ActiveCfg = Debug|x64
		{07ABEE17-C06E-3909-9F69-2AE58FC5F26F}.Release|x64.ActiveCfg = Release|x64
		{07ABEE17-C06E-3909-9F69-2AE58FC5F26F}.MinSizeRel|x64.ActiveCfg = MinSizeRel|x64
		{07ABEE17-C06E-3909-9F69-2AE58FC5F26F}.RelWithDebInfo|x64.ActiveCfg = RelWithDebInfo|x64
		{A12DF85E-6B9E-3CFB-A737-6CD8D4E22A5D}.Debug|x64.ActiveCfg = Debug|x64
		{A12DF85E-6B9E-3CFB-A737-6CD8D4E22A5D}.Release|x64.ActiveCfg = Release|x64
		{A12DF85E-6B9E-3CFB-A737-6CD8D4E22A5D}.MinSizeRel|x64.ActiveCfg = MinSizeRel|x64
		{A12DF85E-6B9E-3CFB-A737-6CD8D4E22A5D}.RelWithDebInfo|x64.ActiveCfg = RelWithDebInfo|x64
		{585DCC83-E257-3268-8D8F-48A0CC031ECE}.Debug|x64.ActiveCfg = Debug|x64
		{585DCC83-E257-3268-8D8F-48A0CC031ECE}.Debug|x64.Build.0 = Debug|x64
		{585DCC83-E257-3268-8D8F-48A0CC031ECE}.Release|x64.ActiveCfg = Release|x64
		{585DCC83-E257-3268-8D8F-48A0CC031ECE}.Release|x64.Build.0 = Release|x64
		{585DCC83-E257-3268-8D8F-48A0CC031ECE}.MinSizeRel|x64.ActiveCfg = MinSizeRel|x64
		{585DCC83-E257-3268-8D8F-48A0CC031ECE}.MinSizeRel|x64.Build.0 = MinSizeRel|x64
		{585DCC83-E257-3268-8D8F-48A0CC031ECE}.RelWithDebInfo|x64.ActiveCfg = RelWithDebInfo|x64
		{585DCC83-E257-3268-8D8F-48A0CC031ECE}.RelWithDebInfo|x64.Build.0 = RelWithDebInfo|x64
		{C93DE272-418E-3662-AC62-01B8E6AABE0A}.Debug|x64.ActiveCfg = Debug|x64
		{C93DE272-418E-3662-AC62-01B8E6AABE0A}.Debug|x64.Build.0 = Debug|x64
		{C93DE272-418E-3662-AC62-01B8E6AABE0A}.Release|x64.ActiveCfg = Release|x64
		{C93DE272-418E-3662-AC62-01B8E6AABE0A}.Release|x64.Build.0 = Release|x64
		{C93DE272-418E-3662-AC62-01B8E6AABE0A}.MinSizeRel|x64.ActiveCfg = MinSizeRel|x64
		{C93DE272-418E-3662-AC62-01B8E6AABE0A}.MinSizeRel|x64.Build.0 = MinSizeRel|x64
		{C93DE272-418E-3662-AC62-01B8E6AABE0A}.RelWithDebInfo|x64.ActiveCfg = RelWithDebInfo|x64
		{C93DE272-418E-3662-AC62-01B8E6AABE0A}.RelWithDebInfo|x64.Build.0 = RelWithDebInfo|x64
		{82B9BB14-3572-3486-91C9-667E5EACA64A}.Debug|x64.ActiveCfg = Debug|x64
		{82B9BB14-3572-3486-91C9-667E5EACA64A}.Release|x64.ActiveCfg = Release|x64
		{82B9BB14-3572-3486-91C9-667E5EACA64A}.MinSizeRel|x64.ActiveCfg = MinSizeRel|x64
		{82B9BB14-3572-3486-91C9-667E5EACA64A}.RelWithDebInfo|x64.ActiveCfg = RelWithDebInfo|x64
		{7BD317CD-AB85-386D-954A-625B85B600C6}.Debug|x64.ActiveCfg = Debug|x64
		{7BD317CD-AB85-386D-954A-625B85B600C6}.Debug|x64.Build.0 = Debug|x64
		{7BD317CD-AB85-386D-954A-625B85B600C6}.Release|x64.ActiveCfg = Release|x64
		{7BD317CD-AB85-386D-954A-625B85B600C6}.Release|x64.Build.0 = Release|x64
		{7BD317CD-AB85-386D-954A-625B85B600C6}.MinSizeRel|x64.ActiveCfg = MinSizeRel|x64
		{7BD317CD-AB85-386D-954A-625B85B600C6}.MinSizeRel|x64.Build.0 = MinSizeRel|x64
		{7BD317CD-AB85-386D-954A-625B85B600C6}.RelWithDebInfo|x64.ActiveCfg = RelWithDebInfo|x64
		{7BD317CD-AB85-386D-954A-625B85B600C6}.RelWithDebInfo|x64.Build.0 = RelWithDebInfo|x64
		{8984CE81-9574-372D-8126-AE29FFD64DBF}.Debug|x64.ActiveCfg = Debug|x64
		{8984CE81-9574-372D-8126-AE29FFD64DBF}.Debug|x64.Build.0 = Debug|x64
		{8984CE81-9574-372D-8126-AE29FFD64DBF}.Release|x64.ActiveCfg = Release|x64
		{8984CE81-9574-372D-8126-AE29FFD64DBF}.Release|x64.Build.0 = Release|x64
		{8984CE81-9574-372D-8126-AE29FFD64DBF}.MinSizeRel|x64.ActiveCfg = MinSizeRel|x64
		{8984CE81-9574-372D-8126-AE29FFD64DBF}.MinSizeRel|x64.Build.0 = MinSizeRel|x64
		{8984CE81-9574-372D-8126-AE29FFD64DBF}.RelWithDebInfo|x64.ActiveCfg = RelWithDebInfo|x64
		{8984CE81-9574-372D-8126-AE29FFD64DBF}.RelWithDebInfo|x64.Build.0 = RelWithDebInfo|x64
		{F03FA905-25E1-385A-A8E3-800DDD81B3A8}.Debug|x64.ActiveCfg = Debug|x64
		{F03FA905-25E1-385A-A8E3-800DDD81B3A8}.Debug|x64.Build.0 = Debug|x64
		{F03FA905-25E1-385A-A8E3-800DDD81B3A8}.Release|x64.ActiveCfg = Release|x64
		{F03FA905-25E1-385A-A8E3-800DDD81B3A8}.Release|x64.Build.0 = Release|x64
		{F03FA905-25E1-385A-A8E3-800DDD81B3A8}.MinSizeRel|x64.ActiveCfg = MinSizeRel|x64
		{F03FA905-25E1-385A-A8E3-800DDD81B3A8}.MinSizeRel|x64.Build.0 = MinSizeRel|x64
		{F03FA905-25E1-385A-A8E3-800DDD81B3A8}.RelWithDebInfo|x64.ActiveCfg = RelWithDebInfo|x64
		{F03FA905-25E1-385A-A8E3-800DDD81B3A8}.RelWithDebInfo|x64.Build.0 = RelWithDebInfo|x64
		{306508E9-EFD3-360B-BAC3-9B1FBA01655A}.Debug|x64.ActiveCfg = Debug|x64
		{306508E9-EFD3-360B-BAC3-9B1FBA01655A}.Debug|x64.Build.0 = Debug|x64
		{306508E9-EFD3-360B-BAC3-9B1FBA01655A}.Release|x64.ActiveCfg = Release|x64
		{306508E9-EFD3-360B-BAC3-9B1FBA01655A}.Release|x64.Build.0 = Release|x64
		{306508E9-EFD3-360B-BAC3-9B1FBA01655A}.MinSizeRel|x64.ActiveCfg = MinSizeRel|x64
		{306508E9-EFD3-360B-BAC3-9B1FBA01655A}.MinSizeRel|x64.Build.0 = MinSizeRel|x64
		{306508E9-EFD3-360B-BAC3-9B1FBA01655A}.RelWithDebInfo|x64.ActiveCfg = RelWithDebInfo|x64
		{306508E9-EFD3-360B-BAC3-9B1FBA01655A}.RelWithDebInfo|x64.Build.0 = RelWithDebInfo|x64
		{CE689A34-907D-3186-AD21-9F93103EC04F}.Debug|x64.ActiveCfg = Debug|x64
		{CE689A34-907D-3186-AD21-9F93103EC04F}.Release|x64.ActiveCfg = Release|x64
		{CE689A34-907D-3186-AD21-9F93103EC04F}.MinSizeRel|x64.ActiveCfg = MinSizeRel|x64
		{CE689A34-907D-3186-AD21-9F93103EC04F}.RelWithDebInfo|x64.ActiveCfg = RelWithDebInfo|x64
		{7C55ABEA-8B43-3DC9-B703-34C628BAF05B}.Debug|x64.ActiveCfg = Debug|x64
		{7C55ABEA-8B43-3DC9-B703-34C628BAF05B}.Release|x64.ActiveCfg = Release|x64
		{7C55ABEA-8B43-3DC9-B703-34C628BAF05B}.MinSizeRel|x64.ActiveCfg = MinSizeRel|x64
		{7C55ABEA-8B43-3DC9-B703-34C628BAF05B}.RelWithDebInfo|x64.ActiveCfg = RelWithDebInfo|x64
		{2BD5D6B6-BDB3-37BE-9230-1956D0A853F6}.Debug|x64.ActiveCfg = Debug|x64
		{2BD5D6B6-BDB3-37BE-9230-1956D0A853F6}.Release|x64.ActiveCfg = Release|x64
		{2BD5D6B6-BDB3-37BE-9230-1956D0A853F6}.MinSizeRel|x64.ActiveCfg = MinSizeRel|x64
		{2BD5D6B6-BDB3-37BE-9230-1956D0A853F6}.RelWithDebInfo|x64.ActiveCfg = RelWithDebInfo|x64
		{BAF16E50-AF36-39DC-A580-541CD62F2AAF}.Debug|x64.ActiveCfg = Debug|x64
		{BAF16E50-AF36-39DC-A580-541CD62F2AAF}.Debug|x64.Build.0 = Debug|x64
		{BAF16E50-AF36-39DC-A580-541CD62F2AAF}.Release|x64.ActiveCfg = Release|x64
		{BAF16E50-AF36-39DC-A580-541CD62F2AAF}.Release|x64.Build.0 = Release|x64
		{BAF16E50-AF36-39DC-A580-541CD62F2AAF}.MinSizeRel|x64.ActiveCfg = MinSizeRel|x64
		{BAF16E50-AF36-39DC-A580-541CD62F2AAF}.MinSizeRel|x64.Build.0 = MinSizeRel|x64
		{BAF16E50-AF36-39DC-A580-541CD62F2AAF}.RelWithDebInfo|x64.ActiveCfg = RelWithDebInfo|x64
		{BAF16E50-AF36-39DC-A580-541CD62F2AAF}.RelWithDebInfo|x64.Build.0 = RelWithDebInfo|x64
		{FEE2ED5D-E0C1-3BFB-9EDA-9176667C2841}.Debug|x64.ActiveCfg = Debug|x64
		{FEE2ED5D-E0C1-3BFB-9EDA-9176667C2841}.Debug|x64.Build.0 = Debug|x64
		{FEE2ED5D-E0C1-3BFB-9EDA-9176667C2841}.Release|x64.ActiveCfg = Release|x64
		{FEE2ED5D-E0C1-3BFB-9EDA-9176667C2841}.Release|x64.Build.0 = Release|x64
		{FEE2ED5D-E0C1-3BFB-9EDA-9176667C2841}.MinSizeRel|x64.ActiveCfg = MinSizeRel|x64
		{FEE2ED5D-E0C1-3BFB-9EDA-9176667C2841}.MinSizeRel|x64.Build.0 = MinSizeRel|x64
		{FEE2ED5D-E0C1-3BFB-9EDA-9176667C2841}.RelWithDebInfo|x64.ActiveCfg = RelWithDebInfo|x64
		{FEE2ED5D-E0C1-3BFB-9EDA-9176667C2841}.RelWithDebInfo|x64.Build.0 = RelWithDebInfo|x64
		{F6B82A16-693E-31F2-B67A-CABD0B4596D4}.Debug|x64.ActiveCfg = Debug|x64
		{F6B82A16-693E-31F2-B67A-CABD0B4596D4}.Debug|x64.Build.0 = Debug|x64
		{F6B82A16-693E-31F2-B67A-CABD0B4596D4}.Release|x64.ActiveCfg = Release|x64
		{F6B82A16-693E-31F2-B67A-CABD0B4596D4}.Release|x64.Build.0 = Release|x64
		{F6B82A16-693E-31F2-B67A-CABD0B4596D4}.MinSizeRel|x64.ActiveCfg = MinSizeRel|x64
		{F6B82A16-693E-31F2-B67A-CABD0B4596D4}.MinSizeRel|x64.Build.0 = MinSizeRel|x64
		{F6B82A16-693E-31F2-B67A-CABD0B4596D4}.RelWithDebInfo|x64.ActiveCfg = RelWithDebInfo|x64
		{F6B82A16-693E-31F2-B67A-CABD0B4596D4}.RelWithDebInfo|x64.Build.0 = RelWithDebInfo|x64
		{404F2CE0-E463-3A52-8030-0176EEB8B66A}.Debug|x64.ActiveCfg = Debug|x64
		{404F2CE0-E463-3A52-8030-0176EEB8B66A}.Debug|x64.Build.0 = Debug|x64
		{404F2CE0-E463-3A52-8030-0176EEB8B66A}.Release|x64.ActiveCfg = Release|x64
		{404F2CE0-E463-3A52-8030-0176EEB8B66A}.Release|x64.Build.0 = Release|x64
		{404F2CE0-E463-3A52-8030-0176EEB8B66A}.MinSizeRel|x64.ActiveCfg = MinSizeRel|x64
		{404F2CE0-E463-3A52-8030-0176EEB8B66A}.MinSizeRel|x64.Build.0 = MinSizeRel|x64
		{404F2CE0-E463-3A52-8030-0176EEB8B66A}.RelWithDebInfo|x64.ActiveCfg = RelWithDebInfo|x64
		{404F2CE0-E463-3A52-8030-0176EEB8B66A}.RelWithDebInfo|x64.Build.0 = RelWithDebInfo|x64
		{15577B32-7D2D-3FBA-A2D4-1276DCE74E5E}.Debug|x64.ActiveCfg = Debug|x64
		{15577B32-7D2D-3FBA-A2D4-1276DCE74E5E}.Debug|x64.Build.0 = Debug|x64
		{15577B32-7D2D-3FBA-A2D4-1276DCE74E5E}.Release|x64.ActiveCfg = Release|x64
		{15577B32-7D2D-3FBA-A2D4-1276DCE74E5E}.Release|x64.Build.0 = Release|x64
		{15577B32-7D2D-3FBA-A2D4-1276DCE74E5E}.MinSizeRel|x64.ActiveCfg = MinSizeRel|x64
		{15577B32-7D2D-3FBA-A2D4-1276DCE74E5E}.MinSizeRel|x64.Build.0 = MinSizeRel|x64
		{15577B32-7D2D-3FBA-A2D4-1276DCE74E5E}.RelWithDebInfo|x64.ActiveCfg = RelWithDebInfo|x64
		{15577B32-7D2D-3FBA-A2D4-1276DCE74E5E}.RelWithDebInfo|x64.Build.0 = RelWithDebInfo|x64
	EndGlobalSection
	GlobalSection(ExtensibilityGlobals) = postSolution
		SolutionGuid = {DAB18B4B-D70D-3093-9575-AB8BD6605F49}
	EndGlobalSection
	GlobalSection(ExtensibilityAddIns) = postSolution
	EndGlobalSection
EndGlobal
