<?xml version="1.0" encoding="utf-8"?>
<Project ToolsVersion="16.0" xmlns="http://schemas.microsoft.com/developer/msbuild/2003">
  <ItemGroup>
    <ClCompile Include="C:\git\gp\cecies\tests\tests.c">
      <Filter>Source Files</Filter>
    </ClCompile>
    <ClCompile Include="C:\git\gp\cecies\src\keygen.c">
      <Filter>Source Files</Filter>
    </ClCompile>
    <ClCompile Include="C:\git\gp\cecies\src\encrypt.c">
      <Filter>Source Files</Filter>
    </ClCompile>
    <ClCompile Include="C:\git\gp\cecies\src\decrypt.c">
      <Filter>Source Files</Filter>
    </ClCompile>
  </ItemGroup>
  <ItemGroup>
    <ClInclude Include="C:\git\gp\cecies\include\cecies\util.h">
      <Filter>Header Files</Filter>
    </ClInclude>
    <ClInclude Include="C:\git\gp\cecies\include\cecies\keygen.h">
      <Filter>Header Files</Filter>
    </ClInclude>
    <ClInclude Include="C:\git\gp\cecies\include\cecies\encrypt.h">
      <Filter>Header Files</Filter>
    </ClInclude>
    <ClInclude Include="C:\git\gp\cecies\include\cecies\decrypt.h">
      <Filter>Header Files</Filter>
    </ClInclude>
  </ItemGroup>
  <ItemGroup>
    <CustomBuild Include="C:\git\gp\cecies\CMakeLists.txt" />
  </ItemGroup>
  <ItemGroup>
    <Filter Include="Header Files">
      <UniqueIdentifier>{2C75C377-6F97-3F30-9510-C3D53EFCF5C4}</UniqueIdentifier>
    </Filter>
    <Filter Include="Source Files">
      <UniqueIdentifier>{24D3668D-18F2-3DF6-A064-846945CEBBAE}</UniqueIdentifier>
    </Filter>
  </ItemGroup>
</Project>
