<?xml version="1.0" encoding="utf-8"?>
<Project ToolsVersion="16.0" xmlns="http://schemas.microsoft.com/developer/msbuild/2003">
  <ItemGroup>
    <CustomBuild Include="C:\git\gp\cecies\build-msvc\CMakeFiles\3e57a89b94f51300c515a0e94a04de76\generate.stamp.rule">
      <Filter>CMake Rules</Filter>
    </CustomBuild>
  </ItemGroup>
  <ItemGroup>
    <Filter Include="CMake Rules">
      <UniqueIdentifier>{5CAE7C5F-3480-3DEF-926C-73606267C7E4}</UniqueIdentifier>
    </Filter>
  </ItemGroup>
</Project>
