<?xml version="1.0" encoding="utf-8"?>
<Project ToolsVersion="16.0" xmlns="http://schemas.microsoft.com/developer/msbuild/2003">
  <ItemGroup>
    <ClCompile Include="C:\git\gp\cecies\lib\cmocka\example\assert_macro.c">
      <Filter>Source Files</Filter>
    </ClCompile>
    <ClCompile Include="C:\git\gp\cecies\lib\cmocka\example\assert_macro_test.c">
      <Filter>Source Files</Filter>
    </ClCompile>
  </ItemGroup>
  <ItemGroup>
    <CustomBuild Include="C:\git\gp\cecies\lib\cmocka\example\CMakeLists.txt" />
  </ItemGroup>
  <ItemGroup>
    <Filter Include="Source Files">
      <UniqueIdentifier>{24D3668D-18F2-3DF6-A064-846945CEBBAE}</UniqueIdentifier>
    </Filter>
  </ItemGroup>
</Project>
