Microsoft Visual Studio Solution File, Format Version 12.00
# Visual Studio 16
Project("{8BC9CEB8-8B4A-11D0-8D11-00A0C91BC942}") = "ALL_BUILD", "ALL_BUILD.vcxproj", "{62A09D7D-7550-3522-AF5D-61D8D1057BA0}"
	ProjectSection(ProjectDependencies) = postProject
		{585DCC83-E257-3268-8D8F-48A0CC031ECE} = {585DCC83-E257-3268-8D8F-48A0CC031ECE}
		{306508E9-EFD3-360B-BAC3-9B1FBA01655A} = {306508E9-EFD3-360B-BAC3-9B1FBA01655A}
	EndProjectSection
EndProject
Project("{8BC9CEB8-8B4A-11D0-8D11-00A0C91BC942}") = "INSTALL", "INSTALL.vcxproj", "{3AD857FD-7078-3131-A8B4-08CACEE7B03F}"
	ProjectSection(ProjectDependencies) = postProject
		{62A09D7D-7550-3522-AF5D-61D8D1057BA0} = {62A09D7D-7550-3522-AF5D-61D8D1057BA0}
		{585DCC83-E257-3268-8D8F-48A0CC031ECE} = {585DCC83-E257-3268-8D8F-48A0CC031ECE}
	EndProjectSection
EndProject
Project("{8BC9CEB8-8B4A-11D0-8D11-00A0C91BC942}") = "PACKAGE", "PACKAGE.vcxproj", "{A12DF85E-6B9E-3CFB-A737-6CD8D4E22A5D}"
	ProjectSection(ProjectDependencies) = postProject
		{62A09D7D-7550-3522-AF5D-61D8D1057BA0} = {62A09D7D-7550-3522-AF5D-61D8D1057BA0}
		{585DCC83-E257-3268-8D8F-48A0CC031ECE} = {585DCC83-E257-3268-8D8F-48A0CC031ECE}
	EndProjectSection
EndProject
Project("{8BC9CEB8-8B4A-11D0-8D11-00A0C91BC942}") = "ZERO_CHECK", "..\..\\ZERO_CHECK.vcxproj", "{585DCC83-E257-3268-8D8F-48A0CC031ECE}"
	ProjectSection(ProjectDependencies) = postProject
	EndProjectSection
EndProject
Project("{8BC9CEB8-8B4A-11D0-8D11-00A0C91BC942}") = "cmocka", "cmocka.vcxproj", "{306508E9-EFD3-360B-BAC3-9B1FBA01655A}"
	ProjectSection(ProjectDependencies) = postProject
		{585DCC83-E257-3268-8D8F-48A0CC031ECE} = {585DCC83-E257-3268-8D8F-48A0CC031ECE}
	EndProjectSection
EndProject
Global
	GlobalSection(SolutionConfigurationPlatforms) = preSolution
		Debug|x64 = Debug|x64
		Release|x64 = Release|x64
		MinSizeRel|x64 = MinSizeRel|x64
		RelWithDebInfo|x64 = RelWithDebInfo|x64
	EndGlobalSection
	GlobalSection(ProjectConfigurationPlatforms) = postSolution
		{62A09D7D-7550-3522-AF5D-61D8D1057BA0}.Debug|x64.ActiveCfg = Debug|x64
		{62A09D7D-7550-3522-AF5D-61D8D1057BA0}.Debug|x64.Build.0 = Debug|x64
		{62A09D7D-7550-3522-AF5D-61D8D1057BA0}.Release|x64.ActiveCfg = Release|x64
		{62A09D7D-7550-3522-AF5D-61D8D1057BA0}.Release|x64.Build.0 = Release|x64
		{62A09D7D-7550-3522-AF5D-61D8D1057BA0}.MinSizeRel|x64.ActiveCfg = MinSizeRel|x64
		{62A09D7D-7550-3522-AF5D-61D8D1057BA0}.MinSizeRel|x64.Build.0 = MinSizeRel|x64
		{62A09D7D-7550-3522-AF5D-61D8D1057BA0}.RelWithDebInfo|x64.ActiveCfg = RelWithDebInfo|x64
		{62A09D7D-7550-3522-AF5D-61D8D1057BA0}.RelWithDebInfo|x64.Build.0 = RelWithDebInfo|x64
		{3AD857FD-7078-3131-A8B4-08CACEE7B03F}.Debug|x64.ActiveCfg = Debug|x64
		{3AD857FD-7078-3131-A8B4-08CACEE7B03F}.Release|x64.ActiveCfg = Release|x64
		{3AD857FD-7078-3131-A8B4-08CACEE7B03F}.MinSizeRel|x64.ActiveCfg = MinSizeRel|x64
		{3AD857FD-7078-3131-A8B4-08CACEE7B03F}.RelWithDebInfo|x64.ActiveCfg = RelWithDebInfo|x64
		{A12DF85E-6B9E-3CFB-A737-6CD8D4E22A5D}.Debug|x64.ActiveCfg = Debug|x64
		{A12DF85E-6B9E-3CFB-A737-6CD8D4E22A5D}.Release|x64.ActiveCfg = Release|x64
		{A12DF85E-6B9E-3CFB-A737-6CD8D4E22A5D}.MinSizeRel|x64.ActiveCfg = MinSizeRel|x64
		{A12DF85E-6B9E-3CFB-A737-6CD8D4E22A5D}.RelWithDebInfo|x64.ActiveCfg = RelWithDebInfo|x64
		{585DCC83-E257-3268-8D8F-48A0CC031ECE}.Debug|x64.ActiveCfg = Debug|x64
		{585DCC83-E257-3268-8D8F-48A0CC031ECE}.Debug|x64.Build.0 = Debug|x64
		{585DCC83-E257-3268-8D8F-48A0CC031ECE}.Release|x64.ActiveCfg = Release|x64
		{585DCC83-E257-3268-8D8F-48A0CC031ECE}.Release|x64.Build.0 = Release|x64
		{585DCC83-E257-3268-8D8F-48A0CC031ECE}.MinSizeRel|x64.ActiveCfg = MinSizeRel|x64
		{585DCC83-E257-3268-8D8F-48A0CC031ECE}.MinSizeRel|x64.Build.0 = MinSizeRel|x64
		{585DCC83-E257-3268-8D8F-48A0CC031ECE}.RelWithDebInfo|x64.ActiveCfg = RelWithDebInfo|x64
		{585DCC83-E257-3268-8D8F-48A0CC031ECE}.RelWithDebInfo|x64.Build.0 = RelWithDebInfo|x64
		{306508E9-EFD3-360B-BAC3-9B1FBA01655A}.Debug|x64.ActiveCfg = Debug|x64
		{306508E9-EFD3-360B-BAC3-9B1FBA01655A}.Debug|x64.Build.0 = Debug|x64
		{306508E9-EFD3-360B-BAC3-9B1FBA01655A}.Release|x64.ActiveCfg = Release|x64
		{306508E9-EFD3-360B-BAC3-9B1FBA01655A}.Release|x64.Build.0 = Release|x64
		{306508E9-EFD3-360B-BAC3-9B1FBA01655A}.MinSizeRel|x64.ActiveCfg = MinSizeRel|x64
		{306508E9-EFD3-360B-BAC3-9B1FBA01655A}.MinSizeRel|x64.Build.0 = MinSizeRel|x64
		{306508E9-EFD3-360B-BAC3-9B1FBA01655A}.RelWithDebInfo|x64.ActiveCfg = RelWithDebInfo|x64
		{306508E9-EFD3-360B-BAC3-9B1FBA01655A}.RelWithDebInfo|x64.Build.0 = RelWithDebInfo|x64
	EndGlobalSection
	GlobalSection(ExtensibilityGlobals) = postSolution
		SolutionGuid = {61E57A34-AF43-3BEB-A284-5EAF231A8294}
	EndGlobalSection
	GlobalSection(ExtensibilityAddIns) = postSolution
	EndGlobalSection
EndGlobal
